// !$*UTF8*$!
{
	archiveVersion = 1;
	classes = {
	};
	objectVersion = 46;
	objects = {

/* Begin PBXBuildFile section */
		F97B7AC61D09C2C600CD691B /* PayVC.m in Sources */ = {isa = PBXBuildFile; fileRef = F97B7AC41D09C2C600CD691B /* PayVC.m */; };
		F97B7AC71D09C2C600CD691B /* PayVC.xib in Resources */ = {isa = PBXBuildFile; fileRef = F97B7AC51D09C2C600CD691B /* PayVC.xib */; };
		F97B7ACD1D09CD3C00CD691B /* CompleteVC.m in Sources */ = {isa = PBXBuildFile; fileRef = F97B7ACB1D09CD3C00CD691B /* CompleteVC.m */; };
		F97B7ACE1D09CD3C00CD691B /* CompleteVC.xib in Resources */ = {isa = PBXBuildFile; fileRef = F97B7ACC1D09CD3C00CD691B /* CompleteVC.xib */; };
		F97B7AD31D09D34600CD691B /* DetailVC.m in Sources */ = {isa = PBXBuildFile; fileRef = F97B7AD11D09D34600CD691B /* DetailVC.m */; };
		F97B7AD41D09D34600CD691B /* DetailVC.xib in Resources */ = {isa = PBXBuildFile; fileRef = F97B7AD21D09D34600CD691B /* DetailVC.xib */; };
		F9DE6D841D094A420087CEDE /* main.m in Sources */ = {isa = PBXBuildFile; fileRef = F9DE6D831D094A420087CEDE /* main.m */; };
		F9DE6D871D094A420087CEDE /* AppDelegate.m in Sources */ = {isa = PBXBuildFile; fileRef = F9DE6D861D094A420087CEDE /* AppDelegate.m */; };
		F9DE6D8F1D094A420087CEDE /* Assets.xcassets in Resources */ = {isa = PBXBuildFile; fileRef = F9DE6D8E1D094A420087CEDE /* Assets.xcassets */; };
		F9DE6D921D094A420087CEDE /* LaunchScreen.storyboard in Resources */ = {isa = PBXBuildFile; fileRef = F9DE6D901D094A420087CEDE /* LaunchScreen.storyboard */; };
		F9DE6DA21D094B2E0087CEDE /* HomeVC.m in Sources */ = {isa = PBXBuildFile; fileRef = F9DE6DA01D094B2E0087CEDE /* HomeVC.m */; };
		F9DE6DA31D094B2E0087CEDE /* HomeVC.xib in Resources */ = {isa = PBXBuildFile; fileRef = F9DE6DA11D094B2E0087CEDE /* HomeVC.xib */; };
		F9DE6DA91D094B6A0087CEDE /* StartVC.m in Sources */ = {isa = PBXBuildFile; fileRef = F9DE6DA71D094B6A0087CEDE /* StartVC.m */; };
		F9DE6DAA1D094B6A0087CEDE /* StartVC.xib in Resources */ = {isa = PBXBuildFile; fileRef = F9DE6DA81D094B6A0087CEDE /* StartVC.xib */; };
		F9DE6DAF1D095A580087CEDE /* viewTabVC.m in Sources */ = {isa = PBXBuildFile; fileRef = F9DE6DAD1D095A580087CEDE /* viewTabVC.m */; };
		F9DE6DB01D095A580087CEDE /* viewTabVC.xib in Resources */ = {isa = PBXBuildFile; fileRef = F9DE6DAE1D095A580087CEDE /* viewTabVC.xib */; };
		F9DE6DB51D09630D0087CEDE /* HistoryVC.m in Sources */ = {isa = PBXBuildFile; fileRef = F9DE6DB31D09630D0087CEDE /* HistoryVC.m */; };
		F9DE6DB61D09630D0087CEDE /* HistoryVC.xib in Resources */ = {isa = PBXBuildFile; fileRef = F9DE6DB41D09630D0087CEDE /* HistoryVC.xib */; };
		F9DE6DBB1D096A6A0087CEDE /* LabelCell.m in Sources */ = {isa = PBXBuildFile; fileRef = F9DE6DB91D096A6A0087CEDE /* LabelCell.m */; };
		F9DE6DBC1D096A6A0087CEDE /* LabelCell.xib in Resources */ = {isa = PBXBuildFile; fileRef = F9DE6DBA1D096A6A0087CEDE /* LabelCell.xib */; };
		F9DE6DC11D096ABA0087CEDE /* TextCell.m in Sources */ = {isa = PBXBuildFile; fileRef = F9DE6DBF1D096ABA0087CEDE /* TextCell.m */; };
		F9DE6DC21D096ABA0087CEDE /* TextCell.xib in Resources */ = {isa = PBXBuildFile; fileRef = F9DE6DC01D096ABA0087CEDE /* TextCell.xib */; };
		F9DE6DC51D096E640087CEDE /* LabelCellData.m in Sources */ = {isa = PBXBuildFile; fileRef = F9DE6DC41D096E640087CEDE /* LabelCellData.m */; };
		F9DE6DD21D097A370087CEDE /* LocationVC.m in Sources */ = {isa = PBXBuildFile; fileRef = F9DE6DD01D097A370087CEDE /* LocationVC.m */; };
		F9DE6DD31D097A370087CEDE /* LocationVC.xib in Resources */ = {isa = PBXBuildFile; fileRef = F9DE6DD11D097A370087CEDE /* LocationVC.xib */; };
/* End PBXBuildFile section */

/* Begin PBXFileReference section */
		F97B7AC31D09C2C600CD691B /* PayVC.h */ = {isa = PBXFileReference; fileEncoding = 4; lastKnownFileType = sourcecode.c.h; path = PayVC.h; sourceTree = "<group>"; };
		F97B7AC41D09C2C600CD691B /* PayVC.m */ = {isa = PBXFileReference; fileEncoding = 4; lastKnownFileType = sourcecode.c.objc; path = PayVC.m; sourceTree = "<group>"; };
		F97B7AC51D09C2C600CD691B /* PayVC.xib */ = {isa = PBXFileReference; fileEncoding = 4; lastKnownFileType = file.xib; path = PayVC.xib; sourceTree = "<group>"; };
		F97B7ACA1D09CD3C00CD691B /* CompleteVC.h */ = {isa = PBXFileReference; fileEncoding = 4; lastKnownFileType = sourcecode.c.h; path = CompleteVC.h; sourceTree = "<group>"; };
		F97B7ACB1D09CD3C00CD691B /* CompleteVC.m */ = {isa = PBXFileReference; fileEncoding = 4; lastKnownFileType = sourcecode.c.objc; path = CompleteVC.m; sourceTree = "<group>"; };
		F97B7ACC1D09CD3C00CD691B /* CompleteVC.xib */ = {isa = PBXFileReference; fileEncoding = 4; lastKnownFileType = file.xib; path = CompleteVC.xib; sourceTree = "<group>"; };
		F97B7AD01D09D34600CD691B /* DetailVC.h */ = {isa = PBXFileReference; fileEncoding = 4; lastKnownFileType = sourcecode.c.h; path = DetailVC.h; sourceTree = "<group>"; };
		F97B7AD11D09D34600CD691B /* DetailVC.m */ = {isa = PBXFileReference; fileEncoding = 4; lastKnownFileType = sourcecode.c.objc; path = DetailVC.m; sourceTree = "<group>"; };
		F97B7AD21D09D34600CD691B /* DetailVC.xib */ = {isa = PBXFileReference; fileEncoding = 4; lastKnownFileType = file.xib; path = DetailVC.xib; sourceTree = "<group>"; };
		F9DE6D7F1D094A420087CEDE /* training-batch2.app */ = {isa = PBXFileReference; explicitFileType = wrapper.application; includeInIndex = 0; path = "training-batch2.app"; sourceTree = BUILT_PRODUCTS_DIR; };
		F9DE6D831D094A420087CEDE /* main.m */ = {isa = PBXFileReference; lastKnownFileType = sourcecode.c.objc; path = main.m; sourceTree = "<group>"; };
		F9DE6D851D094A420087CEDE /* AppDelegate.h */ = {isa = PBXFileReference; lastKnownFileType = sourcecode.c.h; path = AppDelegate.h; sourceTree = "<group>"; };
		F9DE6D861D094A420087CEDE /* AppDelegate.m */ = {isa = PBXFileReference; lastKnownFileType = sourcecode.c.objc; path = AppDelegate.m; sourceTree = "<group>"; };
		F9DE6D8E1D094A420087CEDE /* Assets.xcassets */ = {isa = PBXFileReference; lastKnownFileType = folder.assetcatalog; path = Assets.xcassets; sourceTree = "<group>"; };
		F9DE6D911D094A420087CEDE /* Base */ = {isa = PBXFileReference; lastKnownFileType = file.storyboard; name = Base; path = Base.lproj/LaunchScreen.storyboard; sourceTree = "<group>"; };
		F9DE6D931D094A420087CEDE /* Info.plist */ = {isa = PBXFileReference; lastKnownFileType = text.plist.xml; path = Info.plist; sourceTree = "<group>"; };
		F9DE6D9F1D094B2E0087CEDE /* HomeVC.h */ = {isa = PBXFileReference; fileEncoding = 4; lastKnownFileType = sourcecode.c.h; path = HomeVC.h; sourceTree = "<group>"; };
		F9DE6DA01D094B2E0087CEDE /* HomeVC.m */ = {isa = PBXFileReference; fileEncoding = 4; lastKnownFileType = sourcecode.c.objc; path = HomeVC.m; sourceTree = "<group>"; };
		F9DE6DA11D094B2E0087CEDE /* HomeVC.xib */ = {isa = PBXFileReference; fileEncoding = 4; lastKnownFileType = file.xib; path = HomeVC.xib; sourceTree = "<group>"; };
		F9DE6DA61D094B6A0087CEDE /* StartVC.h */ = {isa = PBXFileReference; fileEncoding = 4; lastKnownFileType = sourcecode.c.h; path = StartVC.h; sourceTree = "<group>"; };
		F9DE6DA71D094B6A0087CEDE /* StartVC.m */ = {isa = PBXFileReference; fileEncoding = 4; lastKnownFileType = sourcecode.c.objc; path = StartVC.m; sourceTree = "<group>"; };
		F9DE6DA81D094B6A0087CEDE /* StartVC.xib */ = {isa = PBXFileReference; fileEncoding = 4; lastKnownFileType = file.xib; path = StartVC.xib; sourceTree = "<group>"; };
		F9DE6DAC1D095A580087CEDE /* viewTabVC.h */ = {isa = PBXFileReference; fileEncoding = 4; lastKnownFileType = sourcecode.c.h; path = viewTabVC.h; sourceTree = "<group>"; };
		F9DE6DAD1D095A580087CEDE /* viewTabVC.m */ = {isa = PBXFileReference; fileEncoding = 4; lastKnownFileType = sourcecode.c.objc; path = viewTabVC.m; sourceTree = "<group>"; };
		F9DE6DAE1D095A580087CEDE /* viewTabVC.xib */ = {isa = PBXFileReference; fileEncoding = 4; lastKnownFileType = file.xib; path = viewTabVC.xib; sourceTree = "<group>"; };
		F9DE6DB21D09630D0087CEDE /* HistoryVC.h */ = {isa = PBXFileReference; fileEncoding = 4; lastKnownFileType = sourcecode.c.h; path = HistoryVC.h; sourceTree = "<group>"; };
		F9DE6DB31D09630D0087CEDE /* HistoryVC.m */ = {isa = PBXFileReference; fileEncoding = 4; lastKnownFileType = sourcecode.c.objc; path = HistoryVC.m; sourceTree = "<group>"; };
		F9DE6DB41D09630D0087CEDE /* HistoryVC.xib */ = {isa = PBXFileReference; fileEncoding = 4; lastKnownFileType = file.xib; path = HistoryVC.xib; sourceTree = "<group>"; };
		F9DE6DB81D096A6A0087CEDE /* LabelCell.h */ = {isa = PBXFileReference; fileEncoding = 4; lastKnownFileType = sourcecode.c.h; path = LabelCell.h; sourceTree = "<group>"; };
		F9DE6DB91D096A6A0087CEDE /* LabelCell.m */ = {isa = PBXFileReference; fileEncoding = 4; lastKnownFileType = sourcecode.c.objc; path = LabelCell.m; sourceTree = "<group>"; };
		F9DE6DBA1D096A6A0087CEDE /* LabelCell.xib */ = {isa = PBXFileReference; fileEncoding = 4; lastKnownFileType = file.xib; path = LabelCell.xib; sourceTree = "<group>"; };
		F9DE6DBE1D096ABA0087CEDE /* TextCell.h */ = {isa = PBXFileReference; fileEncoding = 4; lastKnownFileType = sourcecode.c.h; path = TextCell.h; sourceTree = "<group>"; };
		F9DE6DBF1D096ABA0087CEDE /* TextCell.m */ = {isa = PBXFileReference; fileEncoding = 4; lastKnownFileType = sourcecode.c.objc; path = TextCell.m; sourceTree = "<group>"; };
		F9DE6DC01D096ABA0087CEDE /* TextCell.xib */ = {isa = PBXFileReference; fileEncoding = 4; lastKnownFileType = file.xib; path = TextCell.xib; sourceTree = "<group>"; };
		F9DE6DC31D096E640087CEDE /* LabelCellData.h */ = {isa = PBXFileReference; fileEncoding = 4; lastKnownFileType = sourcecode.c.h; path = LabelCellData.h; sourceTree = "<group>"; };
		F9DE6DC41D096E640087CEDE /* LabelCellData.m */ = {isa = PBXFileReference; fileEncoding = 4; lastKnownFileType = sourcecode.c.objc; path = LabelCellData.m; sourceTree = "<group>"; };
		F9DE6DCF1D097A370087CEDE /* LocationVC.h */ = {isa = PBXFileReference; fileEncoding = 4; lastKnownFileType = sourcecode.c.h; path = LocationVC.h; sourceTree = "<group>"; };
		F9DE6DD01D097A370087CEDE /* LocationVC.m */ = {isa = PBXFileReference; fileEncoding = 4; lastKnownFileType = sourcecode.c.objc; path = LocationVC.m; sourceTree = "<group>"; };
		F9DE6DD11D097A370087CEDE /* LocationVC.xib */ = {isa = PBXFileReference; fileEncoding = 4; lastKnownFileType = file.xib; path = LocationVC.xib; sourceTree = "<group>"; };
/* End PBXFileReference section */

/* Begin PBXFrameworksBuildPhase section */
		F9DE6D7C1D094A420087CEDE /* Frameworks */ = {
			isa = PBXFrameworksBuildPhase;
			buildActionMask = 2147483647;
			files = (
			);
			runOnlyForDeploymentPostprocessing = 0;
		};
/* End PBXFrameworksBuildPhase section */

/* Begin PBXGroup section */
		F97B7AC21D09C2AA00CD691B /* PayVC */ = {
			isa = PBXGroup;
			children = (
				F97B7AC31D09C2C600CD691B /* PayVC.h */,
				F97B7AC41D09C2C600CD691B /* PayVC.m */,
				F97B7AC51D09C2C600CD691B /* PayVC.xib */,
			);
			name = PayVC;
			sourceTree = "<group>";
		};
		F97B7AC91D09CCF200CD691B /* CompleteVC */ = {
			isa = PBXGroup;
			children = (
				F97B7ACA1D09CD3C00CD691B /* CompleteVC.h */,
				F97B7ACB1D09CD3C00CD691B /* CompleteVC.m */,
				F97B7ACC1D09CD3C00CD691B /* CompleteVC.xib */,
			);
			name = CompleteVC;
			sourceTree = "<group>";
		};
		F97B7ACF1D09D32600CD691B /* DetailVC */ = {
			isa = PBXGroup;
			children = (
				F97B7AD01D09D34600CD691B /* DetailVC.h */,
				F97B7AD11D09D34600CD691B /* DetailVC.m */,
				F97B7AD21D09D34600CD691B /* DetailVC.xib */,
			);
			name = DetailVC;
			sourceTree = "<group>";
		};
		F9DE6D761D094A420087CEDE = {
			isa = PBXGroup;
			children = (
				F9DE6D811D094A420087CEDE /* training-batch2 */,
				F9DE6D801D094A420087CEDE /* Products */,
			);
			sourceTree = "<group>";
		};
		F9DE6D801D094A420087CEDE /* Products */ = {
			isa = PBXGroup;
			children = (
				F9DE6D7F1D094A420087CEDE /* training-batch2.app */,
			);
			name = Products;
			sourceTree = "<group>";
		};
		F9DE6D811D094A420087CEDE /* training-batch2 */ = {
			isa = PBXGroup;
			children = (
				F9DE6D9E1D094AF20087CEDE /* ControllerVC */,
				F9DE6D851D094A420087CEDE /* AppDelegate.h */,
				F9DE6D861D094A420087CEDE /* AppDelegate.m */,
				F9DE6D8E1D094A420087CEDE /* Assets.xcassets */,
				F9DE6D901D094A420087CEDE /* LaunchScreen.storyboard */,
				F9DE6D931D094A420087CEDE /* Info.plist */,
				F9DE6D821D094A420087CEDE /* Supporting Files */,
			);
			path = "training-batch2";
			sourceTree = "<group>";
		};
		F9DE6D821D094A420087CEDE /* Supporting Files */ = {
			isa = PBXGroup;
			children = (
				F9DE6D831D094A420087CEDE /* main.m */,
			);
			name = "Supporting Files";
			sourceTree = "<group>";
		};
		F9DE6D9E1D094AF20087CEDE /* ControllerVC */ = {
			isa = PBXGroup;
			children = (
				F97B7AC91D09CCF200CD691B /* CompleteVC */,
				F97B7AC21D09C2AA00CD691B /* PayVC */,
				F9DE6DC91D0978E20087CEDE /* LocationVC */,
				F9DE6DA51D094B510087CEDE /* HomeVC */,
				F9DE6DA41D094B4A0087CEDE /* StartVC */,
				F9DE6DAB1D095A3B0087CEDE /* TabVC */,
				F9DE6DB11D0962C00087CEDE /* HistoryVC */,
			);
			name = ControllerVC;
			sourceTree = "<group>";
		};
		F9DE6DA41D094B4A0087CEDE /* StartVC */ = {
			isa = PBXGroup;
			children = (
				F9DE6DA61D094B6A0087CEDE /* StartVC.h */,
				F9DE6DA71D094B6A0087CEDE /* StartVC.m */,
				F9DE6DA81D094B6A0087CEDE /* StartVC.xib */,
			);
			name = StartVC;
			sourceTree = "<group>";
		};
		F9DE6DA51D094B510087CEDE /* HomeVC */ = {
			isa = PBXGroup;
			children = (
				F9DE6DBD1D096A870087CEDE /* TextCell */,
				F9DE6DB71D096A060087CEDE /* LabelCell */,
				F9DE6D9F1D094B2E0087CEDE /* HomeVC.h */,
				F9DE6DA01D094B2E0087CEDE /* HomeVC.m */,
				F9DE6DA11D094B2E0087CEDE /* HomeVC.xib */,
			);
			name = HomeVC;
			sourceTree = "<group>";
		};
		F9DE6DAB1D095A3B0087CEDE /* TabVC */ = {
			isa = PBXGroup;
			children = (
				F9DE6DAC1D095A580087CEDE /* viewTabVC.h */,
				F9DE6DAD1D095A580087CEDE /* viewTabVC.m */,
				F9DE6DAE1D095A580087CEDE /* viewTabVC.xib */,
			);
			name = TabVC;
			sourceTree = "<group>";
		};
		F9DE6DB11D0962C00087CEDE /* HistoryVC */ = {
			isa = PBXGroup;
			children = (
				F97B7ACF1D09D32600CD691B /* DetailVC */,
				F9DE6DB21D09630D0087CEDE /* HistoryVC.h */,
				F9DE6DB31D09630D0087CEDE /* HistoryVC.m */,
				F9DE6DB41D09630D0087CEDE /* HistoryVC.xib */,
			);
			name = HistoryVC;
			sourceTree = "<group>";
		};
		F9DE6DB71D096A060087CEDE /* LabelCell */ = {
			isa = PBXGroup;
			children = (
				F9DE6DB81D096A6A0087CEDE /* LabelCell.h */,
				F9DE6DB91D096A6A0087CEDE /* LabelCell.m */,
				F9DE6DBA1D096A6A0087CEDE /* LabelCell.xib */,
				F9DE6DC31D096E640087CEDE /* LabelCellData.h */,
				F9DE6DC41D096E640087CEDE /* LabelCellData.m */,
			);
			name = LabelCell;
			sourceTree = "<group>";
		};
		F9DE6DBD1D096A870087CEDE /* TextCell */ = {
			isa = PBXGroup;
			children = (
				F9DE6DBE1D096ABA0087CEDE /* TextCell.h */,
				F9DE6DBF1D096ABA0087CEDE /* TextCell.m */,
				F9DE6DC01D096ABA0087CEDE /* TextCell.xib */,
			);
			name = TextCell;
			sourceTree = "<group>";
		};
		F9DE6DC91D0978E20087CEDE /* LocationVC */ = {
			isa = PBXGroup;
			children = (
				F9DE6DCF1D097A370087CEDE /* LocationVC.h */,
				F9DE6DD01D097A370087CEDE /* LocationVC.m */,
				F9DE6DD11D097A370087CEDE /* LocationVC.xib */,
			);
			name = LocationVC;
			sourceTree = "<group>";
		};
/* End PBXGroup section */

/* Begin PBXNativeTarget section */
		F9DE6D7E1D094A420087CEDE /* training-batch2 */ = {
			isa = PBXNativeTarget;
			buildConfigurationList = F9DE6D961D094A420087CEDE /* Build configuration list for PBXNativeTarget "training-batch2" */;
			buildPhases = (
				F9DE6D7B1D094A420087CEDE /* Sources */,
				F9DE6D7C1D094A420087CEDE /* Frameworks */,
				F9DE6D7D1D094A420087CEDE /* Resources */,
			);
			buildRules = (
			);
			dependencies = (
			);
			name = "training-batch2";
			productName = "training-batch2";
			productReference = F9DE6D7F1D094A420087CEDE /* training-batch2.app */;
			productType = "com.apple.product-type.application";
		};
/* End PBXNativeTarget section */

/* Begin PBXProject section */
		F9DE6D771D094A420087CEDE /* Project object */ = {
			isa = PBXProject;
			attributes = {
				LastUpgradeCheck = 0730;
				ORGANIZATIONNAME = VinhHV;
				TargetAttributes = {
					F9DE6D7E1D094A420087CEDE = {
						CreatedOnToolsVersion = 7.3.1;
						DevelopmentTeam = 6P5JC5L867;
					};
				};
			};
			buildConfigurationList = F9DE6D7A1D094A420087CEDE /* Build configuration list for PBXProject "training-batch2" */;
			compatibilityVersion = "Xcode 3.2";
			developmentRegion = English;
			hasScannedForEncodings = 0;
			knownRegions = (
				en,
				Base,
			);
			mainGroup = F9DE6D761D094A420087CEDE;
			productRefGroup = F9DE6D801D094A420087CEDE /* Products */;
			projectDirPath = "";
			projectRoot = "";
			targets = (
				F9DE6D7E1D094A420087CEDE /* training-batch2 */,
			);
		};
/* End PBXProject section */

/* Begin PBXResourcesBuildPhase section */
		F9DE6D7D1D094A420087CEDE /* Resources */ = {
			isa = PBXResourcesBuildPhase;
			buildActionMask = 2147483647;
			files = (
				F9DE6D921D094A420087CEDE /* LaunchScreen.storyboard in Resources */,
				F97B7AD41D09D34600CD691B /* DetailVC.xib in Resources */,
				F9DE6DA31D094B2E0087CEDE /* HomeVC.xib in Resources */,
				F97B7ACE1D09CD3C00CD691B /* CompleteVC.xib in Resources */,
				F9DE6DC21D096ABA0087CEDE /* TextCell.xib in Resources */,
				F97B7AC71D09C2C600CD691B /* PayVC.xib in Resources */,
				F9DE6DB01D095A580087CEDE /* viewTabVC.xib in Resources */,
				F9DE6DD31D097A370087CEDE /* LocationVC.xib in Resources */,
				F9DE6DB61D09630D0087CEDE /* HistoryVC.xib in Resources */,
				F9DE6D8F1D094A420087CEDE /* Assets.xcassets in Resources */,
				F9DE6DBC1D096A6A0087CEDE /* LabelCell.xib in Resources */,
				F9DE6DAA1D094B6A0087CEDE /* StartVC.xib in Resources */,
			);
			runOnlyForDeploymentPostprocessing = 0;
		};
/* End PBXResourcesBuildPhase section */

/* Begin PBXSourcesBuildPhase section */
		F9DE6D7B1D094A420087CEDE /* Sources */ = {
			isa = PBXSourcesBuildPhase;
			buildActionMask = 2147483647;
			files = (
				F9DE6DA21D094B2E0087CEDE /* HomeVC.m in Sources */,
				F97B7AC61D09C2C600CD691B /* PayVC.m in Sources */,
				F9DE6DBB1D096A6A0087CEDE /* LabelCell.m in Sources */,
				F9DE6DC11D096ABA0087CEDE /* TextCell.m in Sources */,
				F9DE6DD21D097A370087CEDE /* LocationVC.m in Sources */,
				F97B7AD31D09D34600CD691B /* DetailVC.m in Sources */,
				F9DE6D871D094A420087CEDE /* AppDelegate.m in Sources */,
				F9DE6D841D094A420087CEDE /* main.m in Sources */,
				F9DE6DB51D09630D0087CEDE /* HistoryVC.m in Sources */,
				F9DE6DAF1D095A580087CEDE /* viewTabVC.m in Sources */,
				F97B7ACD1D09CD3C00CD691B /* CompleteVC.m in Sources */,
				F9DE6DC51D096E640087CEDE /* LabelCellData.m in Sources */,
				F9DE6DA91D094B6A0087CEDE /* StartVC.m in Sources */,
			);
			runOnlyForDeploymentPostprocessing = 0;
		};
/* End PBXSourcesBuildPhase section */

/* Begin PBXVariantGroup section */
		F9DE6D901D094A420087CEDE /* LaunchScreen.storyboard */ = {
			isa = PBXVariantGroup;
			children = (
				F9DE6D911D094A420087CEDE /* Base */,
			);
			name = LaunchScreen.storyboard;
			sourceTree = "<group>";
		};
/* End PBXVariantGroup section */

/* Begin XCBuildConfiguration section */
		F9DE6D941D094A420087CEDE /* Debug */ = {
			isa = XCBuildConfiguration;
			buildSettings = {
				ALWAYS_SEARCH_USER_PATHS = NO;
				CLANG_ANALYZER_NONNULL = YES;
				CLANG_CXX_LANGUAGE_STANDARD = "gnu++0x";
				CLANG_CXX_LIBRARY = "libc++";
				CLANG_ENABLE_MODULES = YES;
				CLANG_ENABLE_OBJC_ARC = YES;
				CLANG_WARN_BOOL_CONVERSION = YES;
				CLANG_WARN_CONSTANT_CONVERSION = YES;
				CLANG_WARN_DIRECT_OBJC_ISA_USAGE = YES_ERROR;
				CLANG_WARN_EMPTY_BODY = YES;
				CLANG_WARN_ENUM_CONVERSION = YES;
				CLANG_WARN_INT_CONVERSION = YES;
				CLANG_WARN_OBJC_ROOT_CLASS = YES_ERROR;
				CLANG_WARN_UNREACHABLE_CODE = YES;
				CLANG_WARN__DUPLICATE_METHOD_MATCH = YES;
				"CODE_SIGN_IDENTITY[sdk=iphoneos*]" = "iPhone Developer";
				COPY_PHASE_STRIP = NO;
				DEBUG_INFORMATION_FORMAT = dwarf;
				ENABLE_STRICT_OBJC_MSGSEND = YES;
				ENABLE_TESTABILITY = YES;
				GCC_C_LANGUAGE_STANDARD = gnu99;
				GCC_DYNAMIC_NO_PIC = NO;
				GCC_NO_COMMON_BLOCKS = YES;
				GCC_OPTIMIZATION_LEVEL = 0;
				GCC_PREPROCESSOR_DEFINITIONS = (
					"DEBUG=1",
					"$(inherited)",
				);
				GCC_WARN_64_TO_32_BIT_CONVERSION = YES;
				GCC_WARN_ABOUT_RETURN_TYPE = YES_ERROR;
				GCC_WARN_UNDECLARED_SELECTOR = YES;
				GCC_WARN_UNINITIALIZED_AUTOS = YES_AGGRESSIVE;
				GCC_WARN_UNUSED_FUNCTION = YES;
				GCC_WARN_UNUSED_VARIABLE = YES;
				IPHONEOS_DEPLOYMENT_TARGET = 9.3;
				MTL_ENABLE_DEBUG_INFO = YES;
				ONLY_ACTIVE_ARCH = YES;
				SDKROOT = iphoneos;
			};
			name = Debug;
		};
		F9DE6D951D094A420087CEDE /* Release */ = {
			isa = XCBuildConfiguration;
			buildSettings = {
				ALWAYS_SEARCH_USER_PATHS = NO;
				CLANG_ANALYZER_NONNULL = YES;
				CLANG_CXX_LANGUAGE_STANDARD = "gnu++0x";
				CLANG_CXX_LIBRARY = "libc++";
				CLANG_ENABLE_MODULES = YES;
				CLANG_ENABLE_OBJC_ARC = YES;
				CLANG_WARN_BOOL_CONVERSION = YES;
				CLANG_WARN_CONSTANT_CONVERSION = YES;
				CLANG_WARN_DIRECT_OBJC_ISA_USAGE = YES_ERROR;
				CLANG_WARN_EMPTY_BODY = YES;
				CLANG_WARN_ENUM_CONVERSION = YES;
				CLANG_WARN_INT_CONVERSION = YES;
				CLANG_WARN_OBJC_ROOT_CLASS = YES_ERROR;
				CLANG_WARN_UNREACHABLE_CODE = YES;
				CLANG_WARN__DUPLICATE_METHOD_MATCH = YES;
				"CODE_SIGN_IDENTITY[sdk=iphoneos*]" = "iPhone Developer";
				COPY_PHASE_STRIP = NO;
				DEBUG_INFORMATION_FORMAT = "dwarf-with-dsym";
				ENABLE_NS_ASSERTIONS = NO;
				ENABLE_STRICT_OBJC_MSGSEND = YES;
				GCC_C_LANGUAGE_STANDARD = gnu99;
				GCC_NO_COMMON_BLOCKS = YES;
				GCC_WARN_64_TO_32_BIT_CONVERSION = YES;
				GCC_WARN_ABOUT_RETURN_TYPE = YES_ERROR;
				GCC_WARN_UNDECLARED_SELECTOR = YES;
				GCC_WARN_UNINITIALIZED_AUTOS = YES_AGGRESSIVE;
				GCC_WARN_UNUSED_FUNCTION = YES;
				GCC_WARN_UNUSED_VARIABLE = YES;
				IPHONEOS_DEPLOYMENT_TARGET = 9.3;
				MTL_ENABLE_DEBUG_INFO = NO;
				SDKROOT = iphoneos;
				VALIDATE_PRODUCT = YES;
			};
			name = Release;
		};
		F9DE6D971D094A420087CEDE /* Debug */ = {
			isa = XCBuildConfiguration;
			buildSettings = {
				ASSETCATALOG_COMPILER_APPICON_NAME = AppIcon;
				CODE_SIGN_IDENTITY = "iPhone Developer";
				INFOPLIST_FILE = "training-batch2/Info.plist";
				IPHONEOS_DEPLOYMENT_TARGET = 7.1;
				LD_RUNPATH_SEARCH_PATHS = "$(inherited) @executable_path/Frameworks";
				PRODUCT_BUNDLE_IDENTIFIER = com.imsd.ds.dasss;
				PRODUCT_NAME = "$(TARGET_NAME)";
			};
			name = Debug;
		};
		F9DE6D981D094A420087CEDE /* Release */ = {
			isa = XCBuildConfiguration;
			buildSettings = {
				ASSETCATALOG_COMPILER_APPICON_NAME = AppIcon;
				CODE_SIGN_IDENTITY = "iPhone Developer";
				INFOPLIST_FILE = "training-batch2/Info.plist";
				IPHONEOS_DEPLOYMENT_TARGET = 7.1;
				LD_RUNPATH_SEARCH_PATHS = "$(inherited) @executable_path/Frameworks";
				PRODUCT_BUNDLE_IDENTIFIER = com.imsd.ds.dasss;
				PRODUCT_NAME = "$(TARGET_NAME)";
			};
			name = Release;
		};
/* End XCBuildConfiguration section */

/* Begin XCConfigurationList section */
		F9DE6D7A1D094A420087CEDE /* Build configuration list for PBXProject "training-batch2" */ = {
			isa = XCConfigurationList;
			buildConfigurations = (
				F9DE6D941D094A420087CEDE /* Debug */,
				F9DE6D951D094A420087CEDE /* Release */,
			);
			defaultConfigurationIsVisible = 0;
			defaultConfigurationName = Release;
		};
		F9DE6D961D094A420087CEDE /* Build configuration list for PBXNativeTarget "training-batch2" */ = {
			isa = XCConfigurationList;
			buildConfigurations = (
				F9DE6D971D094A420087CEDE /* Debug */,
				F9DE6D981D094A420087CEDE /* Release */,
			);
			defaultConfigurationIsVisible = 0;
			defaultConfigurationName = Release;
		};
/* End XCConfigurationList section */
	};
	rootObject = F9DE6D771D094A420087CEDE /* Project object */;
}
